
Microsoft Visual Studio Solution File, Format Version 12.00
# Visual Studio Version 16
VisualStudioVersion = 16.0.30611.23
MinimumVisualStudioVersion = 10.0.40219.1
Project("{888888A0-9F3D-457C-B088-3A5042F75D52}") = "GolfProgram", "GolfProgram\GolfProgram.pyproj", "{AF525680-5A08-4F8B-8028-8754D5AC8F46}"
EndProject
Global
	GlobalSection(SolutionConfigurationPlatforms) = preSolution
		Debug|Any CPU = Debug|Any CPU
		Release|Any CPU = Release|Any CPU
	EndGlobalSection
	GlobalSection(ProjectConfigurationPlatforms) = postSolution
		{AF525680-5A08-4F8B-8028-8754D5AC8F46}.Debug|Any CPU.ActiveCfg = Debug|Any CPU
		{AF525680-5A08-4F8B-8028-8754D5AC8F46}.Release|Any CPU.ActiveCfg = Release|Any CPU
	EndGlobalSection
	GlobalSection(SolutionProperties) = preSolution
		HideSolutionNode = FALSE
	EndGlobalSection
	GlobalSection(ExtensibilityGlobals) = postSolution
		SolutionGuid = {8D7E4D04-1411-4FED-BB14-45F55EB4C12C}
	EndGlobalSection
EndGlobal
